
Microsoft Visual Studio Solution File, Format Version 12.00
# Visual Studio 15
VisualStudioVersion = 15.0.28010.2050
MinimumVisualStudioVersion = 10.0.40219.1
Project("{FAE04EC0-301F-11D3-BF4B-00C04F79EFBC}") = "Estructuras", "Estructuras\Estructuras.csproj", "{FBA1A700-8F0A-4CF8-BE41-94CFAE025091}"
EndProject
Global
	GlobalSection(SolutionConfigurationPlatforms) = preSolution
		Debug|Any CPU = Debug|Any CPU
		Release|Any CPU = Release|Any CPU
	EndGlobalSection
	GlobalSection(ProjectConfigurationPlatforms) = postSolution
		{FBA1A700-8F0A-4CF8-BE41-94CFAE025091}.Debug|Any CPU.ActiveCfg = Debug|Any CPU
		{FBA1A700-8F0A-4CF8-BE41-94CFAE025091}.Debug|Any CPU.Build.0 = Debug|Any CPU
		{FBA1A700-8F0A-4CF8-BE41-94CFAE025091}.Release|Any CPU.ActiveCfg = Release|Any CPU
		{FBA1A700-8F0A-4CF8-BE41-94CFAE025091}.Release|Any CPU.Build.0 = Release|Any CPU
	EndGlobalSection
	GlobalSection(SolutionProperties) = preSolution
		HideSolutionNode = FALSE
	EndGlobalSection
	GlobalSection(ExtensibilityGlobals) = postSolution
		SolutionGuid = {21ABC8F1-4856-4929-BB8B-C2F76918B06D}
	EndGlobalSection
EndGlobal
